
Microsoft Visual Studio Solution File, Format Version 12.00
# Visual Studio Version 17
VisualStudioVersion = 17.3.32811.315
MinimumVisualStudioVersion = 10.0.40219.1
Project("{9A19103F-16F7-4668-BE54-9A1E7A4F7556}") = "MuffinCTF", "MuffinCTF\MuffinCTF.csproj", "{7D6F9240-0C2D-4D0B-B3E3-8082B9800E2C}"
EndProject
Project("{9A19103F-16F7-4668-BE54-9A1E7A4F7556}") = "MuffinCTF.Domain", "MuffinCTF.Domain\MuffinCTF.Domain.csproj", "{99A5820A-1D7B-4C0E-BC8C-CBD0BE4A56F1}"
EndProject
Project("{9A19103F-16F7-4668-BE54-9A1E7A4F7556}") = "MuffinCTF.Database", "MuffinCTF.Database\MuffinCTF.Database.csproj", "{3F83A2E7-1FB5-463F-8897-6F809B9978EA}"
EndProject
Project("{9A19103F-16F7-4668-BE54-9A1E7A4F7556}") = "MuffinCTF.Application", "MuffinCTF.Application\MuffinCTF.Application.csproj", "{CD61DCA3-2C92-437F-8D55-EED44AEC2A7B}"
EndProject
Project("{9A19103F-16F7-4668-BE54-9A1E7A4F7556}") = "MuffinCTF.Test", "MuffinCTF.Test\MuffinCTF.Test.csproj", "{04E456F4-757D-4315-8983-B8004C20541E}"
EndProject
Global
	GlobalSection(SolutionConfigurationPlatforms) = preSolution
		Debug|Any CPU = Debug|Any CPU
		Release|Any CPU = Release|Any CPU
	EndGlobalSection
	GlobalSection(ProjectConfigurationPlatforms) = postSolution
		{7D6F9240-0C2D-4D0B-B3E3-8082B9800E2C}.Debug|Any CPU.ActiveCfg = Debug|Any CPU
		{7D6F9240-0C2D-4D0B-B3E3-8082B9800E2C}.Debug|Any CPU.Build.0 = Debug|Any CPU
		{7D6F9240-0C2D-4D0B-B3E3-8082B9800E2C}.Release|Any CPU.ActiveCfg = Release|Any CPU
		{7D6F9240-0C2D-4D0B-B3E3-8082B9800E2C}.Release|Any CPU.Build.0 = Release|Any CPU
		{99A5820A-1D7B-4C0E-BC8C-CBD0BE4A56F1}.Debug|Any CPU.ActiveCfg = Debug|Any CPU
		{99A5820A-1D7B-4C0E-BC8C-CBD0BE4A56F1}.Debug|Any CPU.Build.0 = Debug|Any CPU
		{99A5820A-1D7B-4C0E-BC8C-CBD0BE4A56F1}.Release|Any CPU.ActiveCfg = Release|Any CPU
		{99A5820A-1D7B-4C0E-BC8C-CBD0BE4A56F1}.Release|Any CPU.Build.0 = Release|Any CPU
		{3F83A2E7-1FB5-463F-8897-6F809B9978EA}.Debug|Any CPU.ActiveCfg = Debug|Any CPU
		{3F83A2E7-1FB5-463F-8897-6F809B9978EA}.Debug|Any CPU.Build.0 = Debug|Any CPU
		{3F83A2E7-1FB5-463F-8897-6F809B9978EA}.Release|Any CPU.ActiveCfg = Release|Any CPU
		{3F83A2E7-1FB5-463F-8897-6F809B9978EA}.Release|Any CPU.Build.0 = Release|Any CPU
		{CD61DCA3-2C92-437F-8D55-EED44AEC2A7B}.Debug|Any CPU.ActiveCfg = Debug|Any CPU
		{CD61DCA3-2C92-437F-8D55-EED44AEC2A7B}.Debug|Any CPU.Build.0 = Debug|Any CPU
		{CD61DCA3-2C92-437F-8D55-EED44AEC2A7B}.Release|Any CPU.ActiveCfg = Release|Any CPU
		{CD61DCA3-2C92-437F-8D55-EED44AEC2A7B}.Release|Any CPU.Build.0 = Release|Any CPU
		{04E456F4-757D-4315-8983-B8004C20541E}.Debug|Any CPU.ActiveCfg = Debug|Any CPU
		{04E456F4-757D-4315-8983-B8004C20541E}.Debug|Any CPU.Build.0 = Debug|Any CPU
		{04E456F4-757D-4315-8983-B8004C20541E}.Release|Any CPU.ActiveCfg = Release|Any CPU
		{04E456F4-757D-4315-8983-B8004C20541E}.Release|Any CPU.Build.0 = Release|Any CPU
	EndGlobalSection
	GlobalSection(SolutionProperties) = preSolution
		HideSolutionNode = FALSE
	EndGlobalSection
	GlobalSection(ExtensibilityGlobals) = postSolution
		SolutionGuid = {AE21790C-E593-4889-ACA5-5EDA3D1A1B8D}
	EndGlobalSection
EndGlobal
